
Microsoft Visual Studio Solution File, Format Version 12.00
# Visual Studio Version 17
VisualStudioVersion = 17.2.32516.85
MinimumVisualStudioVersion = 10.0.40219.1
Project("{FAE04EC0-301F-11D3-BF4B-00C04F79EFBC}") = "MT5_API", "MT5_API\MT5_API.csproj", "{659F4BE4-D112-469B-B29F-1C4094898409}"
EndProject
Global
	GlobalSection(SolutionConfigurationPlatforms) = preSolution
		Debug|Any CPU = Debug|Any CPU
		Release|Any CPU = Release|Any CPU
	EndGlobalSection
	GlobalSection(ProjectConfigurationPlatforms) = postSolution
		{659F4BE4-D112-469B-B29F-1C4094898409}.Debug|Any CPU.ActiveCfg = Debug|Any CPU
		{659F4BE4-D112-469B-B29F-1C4094898409}.Debug|Any CPU.Build.0 = Debug|Any CPU
		{659F4BE4-D112-469B-B29F-1C4094898409}.Release|Any CPU.ActiveCfg = Release|Any CPU
		{659F4BE4-D112-469B-B29F-1C4094898409}.Release|Any CPU.Build.0 = Release|Any CPU
	EndGlobalSection
	GlobalSection(SolutionProperties) = preSolution
		HideSolutionNode = FALSE
	EndGlobalSection
	GlobalSection(ExtensibilityGlobals) = postSolution
		SolutionGuid = {2BC1C0CD-0AA4-4080-A2AA-75F2B0689351}
	EndGlobalSection
EndGlobal
